// !$*UTF8*$!
{
	archiveVersion = 1;
	classes = {
	};
	objectVersion = 50;
	objects = {

/* Begin PBXBuildFile section */
		5C47BE3920C64A0400541599 /* MapViewController.swift in Sources */ = {isa = PBXBuildFile; fileRef = 5C47BE3820C64A0400541599 /* MapViewController.swift */; };
		5C75D22020C537C9005F7236 /* HeaderViewCell.swift in Sources */ = {isa = PBXBuildFile; fileRef = 5C75D21F20C537C9005F7236 /* HeaderViewCell.swift */; };
		5C8F8CA620AFD35F0091569D /* AppDelegate.swift in Sources */ = {isa = PBXBuildFile; fileRef = 5C8F8CA520AFD35F0091569D /* AppDelegate.swift */; };
		5C8F8CAB20AFD35F0091569D /* Main.storyboard in Resources */ = {isa = PBXBuildFile; fileRef = 5C8F8CA920AFD35F0091569D /* Main.storyboard */; };
		5C8F8CAD20AFD3600091569D /* Assets.xcassets in Resources */ = {isa = PBXBuildFile; fileRef = 5C8F8CAC20AFD3600091569D /* Assets.xcassets */; };
		5C8F8CB020AFD3600091569D /* LaunchScreen.storyboard in Resources */ = {isa = PBXBuildFile; fileRef = 5C8F8CAE20AFD3600091569D /* LaunchScreen.storyboard */; };
		5C8F8CBB20AFDAA80091569D /* Usuario.swift in Sources */ = {isa = PBXBuildFile; fileRef = 5C8F8CBA20AFDAA80091569D /* Usuario.swift */; };
		5C8F8CBF20AFE78C0091569D /* CategoriaModel.swift in Sources */ = {isa = PBXBuildFile; fileRef = 5C8F8CBE20AFE78C0091569D /* CategoriaModel.swift */; };
		5C8F8CC320AFEC110091569D /* ListaModel.swift in Sources */ = {isa = PBXBuildFile; fileRef = 5C8F8CC220AFEC110091569D /* ListaModel.swift */; };
		5C8F8CC520AFF7CA0091569D /* LugarModel.swift in Sources */ = {isa = PBXBuildFile; fileRef = 5C8F8CC420AFF7CA0091569D /* LugarModel.swift */; };
		5CDC78ED20C4FD740000587D /* StoreManager.swift in Sources */ = {isa = PBXBuildFile; fileRef = 5CDC78EC20C4FD740000587D /* StoreManager.swift */; };
		5CDC78EF20C4FE470000587D /* StoreMockUp.swift in Sources */ = {isa = PBXBuildFile; fileRef = 5CDC78EE20C4FE470000587D /* StoreMockUp.swift */; };
		5CDC78F120C5152F0000587D /* CollectionViewCell.swift in Sources */ = {isa = PBXBuildFile; fileRef = 5CDC78F020C5152F0000587D /* CollectionViewCell.swift */; };
		5CDC78F320C51AB60000587D /* CategoriasViewController.swift in Sources */ = {isa = PBXBuildFile; fileRef = 5CDC78F220C51AB60000587D /* CategoriasViewController.swift */; };
/* End PBXBuildFile section */

/* Begin PBXFileReference section */
		5C47BE3820C64A0400541599 /* MapViewController.swift */ = {isa = PBXFileReference; lastKnownFileType = sourcecode.swift; path = MapViewController.swift; sourceTree = "<group>"; };
		5C75D21F20C537C9005F7236 /* HeaderViewCell.swift */ = {isa = PBXFileReference; lastKnownFileType = sourcecode.swift; path = HeaderViewCell.swift; sourceTree = "<group>"; };
		5C8F8CA220AFD35F0091569D /* petfriendlyAround.app */ = {isa = PBXFileReference; explicitFileType = wrapper.application; includeInIndex = 0; path = petfriendlyAround.app; sourceTree = BUILT_PRODUCTS_DIR; };
		5C8F8CA520AFD35F0091569D /* AppDelegate.swift */ = {isa = PBXFileReference; lastKnownFileType = sourcecode.swift; path = AppDelegate.swift; sourceTree = "<group>"; };
		5C8F8CAA20AFD35F0091569D /* Base */ = {isa = PBXFileReference; lastKnownFileType = file.storyboard; name = Base; path = Base.lproj/Main.storyboard; sourceTree = "<group>"; };
		5C8F8CAC20AFD3600091569D /* Assets.xcassets */ = {isa = PBXFileReference; lastKnownFileType = folder.assetcatalog; path = Assets.xcassets; sourceTree = "<group>"; };
		5C8F8CAF20AFD3600091569D /* Base */ = {isa = PBXFileReference; lastKnownFileType = file.storyboard; name = Base; path = Base.lproj/LaunchScreen.storyboard; sourceTree = "<group>"; };
		5C8F8CB120AFD3600091569D /* Info.plist */ = {isa = PBXFileReference; lastKnownFileType = text.plist.xml; path = Info.plist; sourceTree = "<group>"; };
		5C8F8CBA20AFDAA80091569D /* Usuario.swift */ = {isa = PBXFileReference; lastKnownFileType = sourcecode.swift; path = Usuario.swift; sourceTree = "<group>"; };
		5C8F8CBE20AFE78C0091569D /* CategoriaModel.swift */ = {isa = PBXFileReference; lastKnownFileType = sourcecode.swift; path = CategoriaModel.swift; sourceTree = "<group>"; };
		5C8F8CC220AFEC110091569D /* ListaModel.swift */ = {isa = PBXFileReference; lastKnownFileType = sourcecode.swift; path = ListaModel.swift; sourceTree = "<group>"; };
		5C8F8CC420AFF7CA0091569D /* LugarModel.swift */ = {isa = PBXFileReference; lastKnownFileType = sourcecode.swift; path = LugarModel.swift; sourceTree = "<group>"; };
		5CDC78EC20C4FD740000587D /* StoreManager.swift */ = {isa = PBXFileReference; lastKnownFileType = sourcecode.swift; path = StoreManager.swift; sourceTree = "<group>"; };
		5CDC78EE20C4FE470000587D /* StoreMockUp.swift */ = {isa = PBXFileReference; lastKnownFileType = sourcecode.swift; path = StoreMockUp.swift; sourceTree = "<group>"; };
		5CDC78F020C5152F0000587D /* CollectionViewCell.swift */ = {isa = PBXFileReference; lastKnownFileType = sourcecode.swift; path = CollectionViewCell.swift; sourceTree = "<group>"; };
		5CDC78F220C51AB60000587D /* CategoriasViewController.swift */ = {isa = PBXFileReference; lastKnownFileType = sourcecode.swift; path = CategoriasViewController.swift; sourceTree = "<group>"; };
/* End PBXFileReference section */

/* Begin PBXFrameworksBuildPhase section */
		5C8F8C9F20AFD35F0091569D /* Frameworks */ = {
			isa = PBXFrameworksBuildPhase;
			buildActionMask = 2147483647;
			files = (
			);
			runOnlyForDeploymentPostprocessing = 0;
		};
/* End PBXFrameworksBuildPhase section */

/* Begin PBXGroup section */
		5C8F8C9920AFD35F0091569D = {
			isa = PBXGroup;
			children = (
				5C8F8CA420AFD35F0091569D /* petfriendlyAround */,
				5C8F8CA320AFD35F0091569D /* Products */,
			);
			sourceTree = "<group>";
		};
		5C8F8CA320AFD35F0091569D /* Products */ = {
			isa = PBXGroup;
			children = (
				5C8F8CA220AFD35F0091569D /* petfriendlyAround.app */,
			);
			name = Products;
			sourceTree = "<group>";
		};
		5C8F8CA420AFD35F0091569D /* petfriendlyAround */ = {
			isa = PBXGroup;
			children = (
				5C8F8CB720AFD38D0091569D /* Model */,
				5C8F8CB820AFD3A20091569D /* View */,
				5C8F8CB920AFD3AD0091569D /* Controller */,
				5C8F8CAC20AFD3600091569D /* Assets.xcassets */,
				5C8F8CB120AFD3600091569D /* Info.plist */,
			);
			path = petfriendlyAround;
			sourceTree = "<group>";
		};
		5C8F8CB720AFD38D0091569D /* Model */ = {
			isa = PBXGroup;
			children = (
				5C8F8CBA20AFDAA80091569D /* Usuario.swift */,
				5C8F8CBE20AFE78C0091569D /* CategoriaModel.swift */,
				5C8F8CC220AFEC110091569D /* ListaModel.swift */,
				5C8F8CC420AFF7CA0091569D /* LugarModel.swift */,
				5CDC78EC20C4FD740000587D /* StoreManager.swift */,
				5CDC78EE20C4FE470000587D /* StoreMockUp.swift */,
			);
			path = Model;
			sourceTree = "<group>";
		};
		5C8F8CB820AFD3A20091569D /* View */ = {
			isa = PBXGroup;
			children = (
				5C8F8CA920AFD35F0091569D /* Main.storyboard */,
				5C8F8CAE20AFD3600091569D /* LaunchScreen.storyboard */,
			);
			path = View;
			sourceTree = "<group>";
		};
		5C8F8CB920AFD3AD0091569D /* Controller */ = {
			isa = PBXGroup;
			children = (
				5C8F8CA520AFD35F0091569D /* AppDelegate.swift */,
				5CDC78F020C5152F0000587D /* CollectionViewCell.swift */,
				5CDC78F220C51AB60000587D /* CategoriasViewController.swift */,
				5C75D21F20C537C9005F7236 /* HeaderViewCell.swift */,
				5C47BE3820C64A0400541599 /* MapViewController.swift */,
			);
			path = Controller;
			sourceTree = "<group>";
		};
/* End PBXGroup section */

/* Begin PBXNativeTarget section */
		5C8F8CA120AFD35F0091569D /* petfriendlyAround */ = {
			isa = PBXNativeTarget;
			buildConfigurationList = 5C8F8CB420AFD3600091569D /* Build configuration list for PBXNativeTarget "petfriendlyAround" */;
			buildPhases = (
				5C8F8C9E20AFD35F0091569D /* Sources */,
				5C8F8C9F20AFD35F0091569D /* Frameworks */,
				5C8F8CA020AFD35F0091569D /* Resources */,
			);
			buildRules = (
			);
			dependencies = (
			);
			name = petfriendlyAround;
			productName = petfriendlyAround;
			productReference = 5C8F8CA220AFD35F0091569D /* petfriendlyAround.app */;
			productType = "com.apple.product-type.application";
		};
/* End PBXNativeTarget section */

/* Begin PBXProject section */
		5C8F8C9A20AFD35F0091569D /* Project object */ = {
			isa = PBXProject;
			attributes = {
				LastSwiftUpdateCheck = 0930;
				LastUpgradeCheck = 0930;
				ORGANIZATIONNAME = JC_Ronald;
				TargetAttributes = {
					5C8F8CA120AFD35F0091569D = {
						CreatedOnToolsVersion = 9.3;
					};
				};
			};
			buildConfigurationList = 5C8F8C9D20AFD35F0091569D /* Build configuration list for PBXProject "petfriendlyAround" */;
			compatibilityVersion = "Xcode 9.3";
			developmentRegion = en;
			hasScannedForEncodings = 0;
			knownRegions = (
				en,
				Base,
			);
			mainGroup = 5C8F8C9920AFD35F0091569D;
			productRefGroup = 5C8F8CA320AFD35F0091569D /* Products */;
			projectDirPath = "";
			projectRoot = "";
			targets = (
				5C8F8CA120AFD35F0091569D /* petfriendlyAround */,
			);
		};
/* End PBXProject section */

/* Begin PBXResourcesBuildPhase section */
		5C8F8CA020AFD35F0091569D /* Resources */ = {
			isa = PBXResourcesBuildPhase;
			buildActionMask = 2147483647;
			files = (
				5C8F8CB020AFD3600091569D /* LaunchScreen.storyboard in Resources */,
				5C8F8CAD20AFD3600091569D /* Assets.xcassets in Resources */,
				5C8F8CAB20AFD35F0091569D /* Main.storyboard in Resources */,
			);
			runOnlyForDeploymentPostprocessing = 0;
		};
/* End PBXResourcesBuildPhase section */

/* Begin PBXSourcesBuildPhase section */
		5C8F8C9E20AFD35F0091569D /* Sources */ = {
			isa = PBXSourcesBuildPhase;
			buildActionMask = 2147483647;
			files = (
				5C47BE3920C64A0400541599 /* MapViewController.swift in Sources */,
				5CDC78EF20C4FE470000587D /* StoreMockUp.swift in Sources */,
				5C8F8CC320AFEC110091569D /* ListaModel.swift in Sources */,
				5CDC78F320C51AB60000587D /* CategoriasViewController.swift in Sources */,
				5CDC78F120C5152F0000587D /* CollectionViewCell.swift in Sources */,
				5CDC78ED20C4FD740000587D /* StoreManager.swift in Sources */,
				5C8F8CA620AFD35F0091569D /* AppDelegate.swift in Sources */,
				5C8F8CBB20AFDAA80091569D /* Usuario.swift in Sources */,
				5C8F8CBF20AFE78C0091569D /* CategoriaModel.swift in Sources */,
				5C8F8CC520AFF7CA0091569D /* LugarModel.swift in Sources */,
				5C75D22020C537C9005F7236 /* HeaderViewCell.swift in Sources */,
			);
			runOnlyForDeploymentPostprocessing = 0;
		};
/* End PBXSourcesBuildPhase section */

/* Begin PBXVariantGroup section */
		5C8F8CA920AFD35F0091569D /* Main.storyboard */ = {
			isa = PBXVariantGroup;
			children = (
				5C8F8CAA20AFD35F0091569D /* Base */,
			);
			name = Main.storyboard;
			sourceTree = "<group>";
		};
		5C8F8CAE20AFD3600091569D /* LaunchScreen.storyboard */ = {
			isa = PBXVariantGroup;
			children = (
				5C8F8CAF20AFD3600091569D /* Base */,
			);
			name = LaunchScreen.storyboard;
			sourceTree = "<group>";
		};
/* End PBXVariantGroup section */

/* Begin XCBuildConfiguration section */
		5C8F8CB220AFD3600091569D /* Debug */ = {
			isa = XCBuildConfiguration;
			buildSettings = {
				ALWAYS_SEARCH_USER_PATHS = NO;
				CLANG_ANALYZER_NONNULL = YES;
				CLANG_ANALYZER_NUMBER_OBJECT_CONVERSION = YES_AGGRESSIVE;
				CLANG_CXX_LANGUAGE_STANDARD = "gnu++14";
				CLANG_CXX_LIBRARY = "libc++";
				CLANG_ENABLE_MODULES = YES;
				CLANG_ENABLE_OBJC_ARC = YES;
				CLANG_ENABLE_OBJC_WEAK = YES;
				CLANG_WARN_BLOCK_CAPTURE_AUTORELEASING = YES;
				CLANG_WARN_BOOL_CONVERSION = YES;
				CLANG_WARN_COMMA = YES;
				CLANG_WARN_CONSTANT_CONVERSION = YES;
				CLANG_WARN_DEPRECATED_OBJC_IMPLEMENTATIONS = YES;
				CLANG_WARN_DIRECT_OBJC_ISA_USAGE = YES_ERROR;
				CLANG_WARN_DOCUMENTATION_COMMENTS = YES;
				CLANG_WARN_EMPTY_BODY = YES;
				CLANG_WARN_ENUM_CONVERSION = YES;
				CLANG_WARN_INFINITE_RECURSION = YES;
				CLANG_WARN_INT_CONVERSION = YES;
				CLANG_WARN_NON_LITERAL_NULL_CONVERSION = YES;
				CLANG_WARN_OBJC_IMPLICIT_RETAIN_SELF = YES;
				CLANG_WARN_OBJC_LITERAL_CONVERSION = YES;
				CLANG_WARN_OBJC_ROOT_CLASS = YES_ERROR;
				CLANG_WARN_RANGE_LOOP_ANALYSIS = YES;
				CLANG_WARN_STRICT_PROTOTYPES = YES;
				CLANG_WARN_SUSPICIOUS_MOVE = YES;
				CLANG_WARN_UNGUARDED_AVAILABILITY = YES_AGGRESSIVE;
				CLANG_WARN_UNREACHABLE_CODE = YES;
				CLANG_WARN__DUPLICATE_METHOD_MATCH = YES;
				CODE_SIGN_IDENTITY = "iPhone Developer";
				COPY_PHASE_STRIP = NO;
				DEBUG_INFORMATION_FORMAT = dwarf;
				ENABLE_STRICT_OBJC_MSGSEND = YES;
				ENABLE_TESTABILITY = YES;
				GCC_C_LANGUAGE_STANDARD = gnu11;
				GCC_DYNAMIC_NO_PIC = NO;
				GCC_NO_COMMON_BLOCKS = YES;
				GCC_OPTIMIZATION_LEVEL = 0;
				GCC_PREPROCESSOR_DEFINITIONS = (
					"DEBUG=1",
					"$(inherited)",
				);
				GCC_WARN_64_TO_32_BIT_CONVERSION = YES;
				GCC_WARN_ABOUT_RETURN_TYPE = YES_ERROR;
				GCC_WARN_UNDECLARED_SELECTOR = YES;
				GCC_WARN_UNINITIALIZED_AUTOS = YES_AGGRESSIVE;
				GCC_WARN_UNUSED_FUNCTION = YES;
				GCC_WARN_UNUSED_VARIABLE = YES;
				IPHONEOS_DEPLOYMENT_TARGET = 11.3;
				MTL_ENABLE_DEBUG_INFO = YES;
				ONLY_ACTIVE_ARCH = YES;
				SDKROOT = iphoneos;
				SWIFT_ACTIVE_COMPILATION_CONDITIONS = DEBUG;
				SWIFT_OPTIMIZATION_LEVEL = "-Onone";
			};
			name = Debug;
		};
		5C8F8CB320AFD3600091569D /* Release */ = {
			isa = XCBuildConfiguration;
			buildSettings = {
				ALWAYS_SEARCH_USER_PATHS = NO;
				CLANG_ANALYZER_NONNULL = YES;
				CLANG_ANALYZER_NUMBER_OBJECT_CONVERSION = YES_AGGRESSIVE;
				CLANG_CXX_LANGUAGE_STANDARD = "gnu++14";
				CLANG_CXX_LIBRARY = "libc++";
				CLANG_ENABLE_MODULES = YES;
				CLANG_ENABLE_OBJC_ARC = YES;
				CLANG_ENABLE_OBJC_WEAK = YES;
				CLANG_WARN_BLOCK_CAPTURE_AUTORELEASING = YES;
				CLANG_WARN_BOOL_CONVERSION = YES;
				CLANG_WARN_COMMA = YES;
				CLANG_WARN_CONSTANT_CONVERSION = YES;
				CLANG_WARN_DEPRECATED_OBJC_IMPLEMENTATIONS = YES;
				CLANG_WARN_DIRECT_OBJC_ISA_USAGE = YES_ERROR;
				CLANG_WARN_DOCUMENTATION_COMMENTS = YES;
				CLANG_WARN_EMPTY_BODY = YES;
				CLANG_WARN_ENUM_CONVERSION = YES;
				CLANG_WARN_INFINITE_RECURSION = YES;
				CLANG_WARN_INT_CONVERSION = YES;
				CLANG_WARN_NON_LITERAL_NULL_CONVERSION = YES;
				CLANG_WARN_OBJC_IMPLICIT_RETAIN_SELF = YES;
				CLANG_WARN_OBJC_LITERAL_CONVERSION = YES;
				CLANG_WARN_OBJC_ROOT_CLASS = YES_ERROR;
				CLANG_WARN_RANGE_LOOP_ANALYSIS = YES;
				CLANG_WARN_STRICT_PROTOTYPES = YES;
				CLANG_WARN_SUSPICIOUS_MOVE = YES;
				CLANG_WARN_UNGUARDED_AVAILABILITY = YES_AGGRESSIVE;
				CLANG_WARN_UNREACHABLE_CODE = YES;
				CLANG_WARN__DUPLICATE_METHOD_MATCH = YES;
				CODE_SIGN_IDENTITY = "iPhone Developer";
				COPY_PHASE_STRIP = NO;
				DEBUG_INFORMATION_FORMAT = "dwarf-with-dsym";
				ENABLE_NS_ASSERTIONS = NO;
				ENABLE_STRICT_OBJC_MSGSEND = YES;
				GCC_C_LANGUAGE_STANDARD = gnu11;
				GCC_NO_COMMON_BLOCKS = YES;
				GCC_WARN_64_TO_32_BIT_CONVERSION = YES;
				GCC_WARN_ABOUT_RETURN_TYPE = YES_ERROR;
				GCC_WARN_UNDECLARED_SELECTOR = YES;
				GCC_WARN_UNINITIALIZED_AUTOS = YES_AGGRESSIVE;
				GCC_WARN_UNUSED_FUNCTION = YES;
				GCC_WARN_UNUSED_VARIABLE = YES;
				IPHONEOS_DEPLOYMENT_TARGET = 11.3;
				MTL_ENABLE_DEBUG_INFO = NO;
				SDKROOT = iphoneos;
				SWIFT_COMPILATION_MODE = wholemodule;
				SWIFT_OPTIMIZATION_LEVEL = "-O";
				VALIDATE_PRODUCT = YES;
			};
			name = Release;
		};
		5C8F8CB520AFD3600091569D /* Debug */ = {
			isa = XCBuildConfiguration;
			buildSettings = {
				ASSETCATALOG_COMPILER_APPICON_NAME = AppIcon;
				CODE_SIGN_STYLE = Automatic;
				INFOPLIST_FILE = petfriendlyAround/Info.plist;
				LD_RUNPATH_SEARCH_PATHS = (
					"$(inherited)",
					"@executable_path/Frameworks",
				);
				PRODUCT_BUNDLE_IDENTIFIER = com.jcrb.petfriendlyAround;
				PRODUCT_NAME = "$(TARGET_NAME)";
				SWIFT_VERSION = 4.0;
				TARGETED_DEVICE_FAMILY = "1,2";
			};
			name = Debug;
		};
		5C8F8CB620AFD3600091569D /* Release */ = {
			isa = XCBuildConfiguration;
			buildSettings = {
				ASSETCATALOG_COMPILER_APPICON_NAME = AppIcon;
				CODE_SIGN_STYLE = Automatic;
				INFOPLIST_FILE = petfriendlyAround/Info.plist;
				LD_RUNPATH_SEARCH_PATHS = (
					"$(inherited)",
					"@executable_path/Frameworks",
				);
				PRODUCT_BUNDLE_IDENTIFIER = com.jcrb.petfriendlyAround;
				PRODUCT_NAME = "$(TARGET_NAME)";
				SWIFT_VERSION = 4.0;
				TARGETED_DEVICE_FAMILY = "1,2";
			};
			name = Release;
		};
/* End XCBuildConfiguration section */

/* Begin XCConfigurationList section */
		5C8F8C9D20AFD35F0091569D /* Build configuration list for PBXProject "petfriendlyAround" */ = {
			isa = XCConfigurationList;
			buildConfigurations = (
				5C8F8CB220AFD3600091569D /* Debug */,
				5C8F8CB320AFD3600091569D /* Release */,
			);
			defaultConfigurationIsVisible = 0;
			defaultConfigurationName = Release;
		};
		5C8F8CB420AFD3600091569D /* Build configuration list for PBXNativeTarget "petfriendlyAround" */ = {
			isa = XCConfigurationList;
			buildConfigurations = (
				5C8F8CB520AFD3600091569D /* Debug */,
				5C8F8CB620AFD3600091569D /* Release */,
			);
			defaultConfigurationIsVisible = 0;
			defaultConfigurationName = Release;
		};
/* End XCConfigurationList section */
	};
	rootObject = 5C8F8C9A20AFD35F0091569D /* Project object */;
}
